PODS:
  - Flutter (1.0.0)
  - image_picker_ios (0.0.1):
    - Flutter

DEPENDENCIES:
  - Flutter (from `Flutter`)
  - image_picker_ios (from `.symlinks/plugins/image_picker_ios/ios`)

EXTERNAL SOURCES:
  Flutter:
    :path: Flutter
  image_picker_ios:
    :path: ".symlinks/plugins/image_picker_ios/ios"

SPEC CHECKSUMS:
  Flutter: 71a624a5bc0c04062bf19101d501e466baf2fb47
  image_picker_ios: 4f2f91b01abdb52842a8e277617df877e40f905b

PODFILE CHECKSUM: c09f1c39ba7bd25e25f9ff7dc9511121372650a0

COCOAPODS: 1.16.2
